
Microsoft Visual Studio Solution File, Format Version 12.00
# Visual Studio 15
VisualStudioVersion = 15.0.27703.2035
MinimumVisualStudioVersion = 10.0.40219.1
Project("{F184B08F-C81C-45F6-A57F-5ABD9991F28F}") = "InventoryUI", "InventoryUI\InventoryUI.vbproj", "{9F9AFEEF-1D98-4B81-A863-D2A849C8C9B5}"
EndProject
Global
	GlobalSection(SolutionConfigurationPlatforms) = preSolution
		Debug|Any CPU = Debug|Any CPU
		Release|Any CPU = Release|Any CPU
	EndGlobalSection
	GlobalSection(ProjectConfigurationPlatforms) = postSolution
		{9F9AFEEF-1D98-4B81-A863-D2A849C8C9B5}.Debug|Any CPU.ActiveCfg = Debug|Any CPU
		{9F9AFEEF-1D98-4B81-A863-D2A849C8C9B5}.Debug|Any CPU.Build.0 = Debug|Any CPU
		{9F9AFEEF-1D98-4B81-A863-D2A849C8C9B5}.Release|Any CPU.ActiveCfg = Release|Any CPU
		{9F9AFEEF-1D98-4B81-A863-D2A849C8C9B5}.Release|Any CPU.Build.0 = Release|Any CPU
	EndGlobalSection
	GlobalSection(SolutionProperties) = preSolution
		HideSolutionNode = FALSE
	EndGlobalSection
	GlobalSection(ExtensibilityGlobals) = postSolution
		SolutionGuid = {EEE9CA9E-8CF6-41E6-8CE8-4EFC8599ABB6}
	EndGlobalSection
EndGlobal
